
Microsoft Visual Studio Solution File, Format Version 12.00
# Visual Studio 15
VisualStudioVersion = 15.0.27428.2043
MinimumVisualStudioVersion = 10.0.40219.1
Project("{FAE04EC0-301F-11D3-BF4B-00C04F79EFBC}") = "PowerManagement", "PowerManagement\PowerManagement.csproj", "{DAF1A3DC-810E-4360-9992-17087D92C8D9}"
EndProject
Project("{FAE04EC0-301F-11D3-BF4B-00C04F79EFBC}") = "tests", "tests\tests.csproj", "{9D16E1A1-8B76-4E64-B485-E5DA15C536D2}"
EndProject
Global
	GlobalSection(SolutionConfigurationPlatforms) = preSolution
		Debug|Any CPU = Debug|Any CPU
		Release|Any CPU = Release|Any CPU
	EndGlobalSection
	GlobalSection(ProjectConfigurationPlatforms) = postSolution
		{DAF1A3DC-810E-4360-9992-17087D92C8D9}.Debug|Any CPU.ActiveCfg = Debug|Any CPU
		{DAF1A3DC-810E-4360-9992-17087D92C8D9}.Debug|Any CPU.Build.0 = Debug|Any CPU
		{DAF1A3DC-810E-4360-9992-17087D92C8D9}.Release|Any CPU.ActiveCfg = Release|Any CPU
		{DAF1A3DC-810E-4360-9992-17087D92C8D9}.Release|Any CPU.Build.0 = Release|Any CPU
		{9D16E1A1-8B76-4E64-B485-E5DA15C536D2}.Debug|Any CPU.ActiveCfg = Debug|Any CPU
		{9D16E1A1-8B76-4E64-B485-E5DA15C536D2}.Debug|Any CPU.Build.0 = Debug|Any CPU
		{9D16E1A1-8B76-4E64-B485-E5DA15C536D2}.Release|Any CPU.ActiveCfg = Release|Any CPU
		{9D16E1A1-8B76-4E64-B485-E5DA15C536D2}.Release|Any CPU.Build.0 = Release|Any CPU
	EndGlobalSection
	GlobalSection(SolutionProperties) = preSolution
		HideSolutionNode = FALSE
	EndGlobalSection
	GlobalSection(ExtensibilityGlobals) = postSolution
		SolutionGuid = {FFD9E9A5-23E2-4113-B675-CA4889341C03}
	EndGlobalSection
EndGlobal
